
Microsoft Visual Studio Solution File, Format Version 12.00
# Visual Studio Version 17
VisualStudioVersion = 17.12.35527.113
MinimumVisualStudioVersion = 10.0.40219.1
Project("{FAE04EC0-301F-11D3-BF4B-00C04F79EFBC}") = "AnimateMe", "AnimateMe\AnimateMe.csproj", "{4036B4D2-C4C9-439D-B6E4-7680816EC37D}"
EndProject
Global
	GlobalSection(SolutionConfigurationPlatforms) = preSolution
		Debug|Any CPU = Debug|Any CPU
		Release|Any CPU = Release|Any CPU
	EndGlobalSection
	GlobalSection(ProjectConfigurationPlatforms) = postSolution
		{4036B4D2-C4C9-439D-B6E4-7680816EC37D}.Debug|Any CPU.ActiveCfg = Debug|Any CPU
		{4036B4D2-C4C9-439D-B6E4-7680816EC37D}.Debug|Any CPU.Build.0 = Debug|Any CPU
		{4036B4D2-C4C9-439D-B6E4-7680816EC37D}.Release|Any CPU.ActiveCfg = Release|Any CPU
		{4036B4D2-C4C9-439D-B6E4-7680816EC37D}.Release|Any CPU.Build.0 = Release|Any CPU
	EndGlobalSection
	GlobalSection(SolutionProperties) = preSolution
		HideSolutionNode = FALSE
	EndGlobalSection
	GlobalSection(ExtensibilityGlobals) = postSolution
		SolutionGuid = {F4389993-BB3A-4BE2-BE9C-D6ADBA17F6C1}
	EndGlobalSection
EndGlobal
